
Microsoft Visual Studio Solution File, Format Version 12.00
# Visual Studio Version 16
VisualStudioVersion = 16.0.29519.181
MinimumVisualStudioVersion = 10.0.40219.1
Project("{9A19103F-16F7-4668-BE54-9A1E7A4F7556}") = "SzolgProg_vizsga", "SzolgProg_vizsga\SzolgProg_vizsga.csproj", "{B9F23159-1618-49BB-9F12-CD7851188EA6}"
EndProject
Project("{FAE04EC0-301F-11D3-BF4B-00C04F79EFBC}") = "ClientLib", "ClientLib\ClientLib.csproj", "{66D01E4D-4CC2-4293-8E16-B471145BC757}"
EndProject
Project("{FAE04EC0-301F-11D3-BF4B-00C04F79EFBC}") = "Grpc_WPF", "Grpc_WPF\Grpc_WPF.csproj", "{5E6D4DAE-37A3-43E8-8AE9-A22FF8868908}"
EndProject
Global
	GlobalSection(SolutionConfigurationPlatforms) = preSolution
		Debug|Any CPU = Debug|Any CPU
		Release|Any CPU = Release|Any CPU
	EndGlobalSection
	GlobalSection(ProjectConfigurationPlatforms) = postSolution
		{B9F23159-1618-49BB-9F12-CD7851188EA6}.Debug|Any CPU.ActiveCfg = Debug|Any CPU
		{B9F23159-1618-49BB-9F12-CD7851188EA6}.Debug|Any CPU.Build.0 = Debug|Any CPU
		{B9F23159-1618-49BB-9F12-CD7851188EA6}.Release|Any CPU.ActiveCfg = Release|Any CPU
		{B9F23159-1618-49BB-9F12-CD7851188EA6}.Release|Any CPU.Build.0 = Release|Any CPU
		{66D01E4D-4CC2-4293-8E16-B471145BC757}.Debug|Any CPU.ActiveCfg = Debug|Any CPU
		{66D01E4D-4CC2-4293-8E16-B471145BC757}.Debug|Any CPU.Build.0 = Debug|Any CPU
		{66D01E4D-4CC2-4293-8E16-B471145BC757}.Release|Any CPU.ActiveCfg = Release|Any CPU
		{66D01E4D-4CC2-4293-8E16-B471145BC757}.Release|Any CPU.Build.0 = Release|Any CPU
		{5E6D4DAE-37A3-43E8-8AE9-A22FF8868908}.Debug|Any CPU.ActiveCfg = Debug|Any CPU
		{5E6D4DAE-37A3-43E8-8AE9-A22FF8868908}.Debug|Any CPU.Build.0 = Debug|Any CPU
		{5E6D4DAE-37A3-43E8-8AE9-A22FF8868908}.Release|Any CPU.ActiveCfg = Release|Any CPU
		{5E6D4DAE-37A3-43E8-8AE9-A22FF8868908}.Release|Any CPU.Build.0 = Release|Any CPU
	EndGlobalSection
	GlobalSection(SolutionProperties) = preSolution
		HideSolutionNode = FALSE
	EndGlobalSection
	GlobalSection(ExtensibilityGlobals) = postSolution
		SolutionGuid = {0BFC7930-9C21-48E5-9ACF-C395048D07BB}
	EndGlobalSection
EndGlobal
